{
  "nodes": {
    "nixpkgs": {
      "locked": {
        "lastModified": 1773705440,
        "narHash": "sha256-xB30bbAp0e7ogSEYyc126mAJMt4FRFh8wtm6ADE1xuM=",
        "owner": "NixOS",
        "repo": "nixpkgs",
        "rev": "48652e9d5aea46e555b3df87354280d4f29cd3a3",
        "type": "github"
      },
      "original": {
        "owner": "NixOS",
        "ref": "nixos-25.11",
        "repo": "nixpkgs",
        "type": "github"
      }
    },
    "nixpkgs_2": {
      "locked": {
        "lastModified": 1767640445,
        "narHash": "sha256-UWYqmD7JFBEDBHWYcqE6s6c77pWdcU/i+bwD6XxMb8A=",
        "owner": "NixOS",
        "repo": "nixpkgs",
        "rev": "9f0c42f8bc7151b8e7e5840fb3bd454ad850d8c5",
        "type": "github"
      },
      "original": {
        "owner": "NixOS",
        "ref": "nixos-unstable",
        "repo": "nixpkgs",
        "type": "github"
      }
    },
    "openspec": {
      "inputs": {
        "nixpkgs": "nixpkgs_2"
      },
      "locked": {
        "lastModified": 1772182342,
        "narHash": "sha256-9Q0iUyZGcDPLdgvnrBN3GumV8g9akV8TFb8bFkD1yYs=",
        "owner": "Fission-AI",
        "repo": "OpenSpec",
        "rev": "afdca0d5dab1aa109cfd8848b2512333ccad60c3",
        "type": "github"
      },
      "original": {
        "owner": "Fission-AI",
        "repo": "OpenSpec",
        "type": "github"
      }
    },
    "root": {
      "inputs": {
        "nixpkgs": "nixpkgs",
        "openspec": "openspec"
      }
    }
  },
  "root": "root",
  "version": 7
}
